
Microsoft Visual Studio Solution File, Format Version 12.00
# Visual Studio Version 17
VisualStudioVersion = 17.2.32602.215
MinimumVisualStudioVersion = 10.0.40219.1
Project("{9A19103F-16F7-4668-BE54-9A1E7A4F7556}") = "TinyHelpers", "src\TinyHelpers\TinyHelpers.csproj", "{BE65AC0A-0620-4DC3-9C24-863AE3B76784}"
EndProject
Project("{9A19103F-16F7-4668-BE54-9A1E7A4F7556}") = "TinyHelpers.Sample", "samples\TinyHelpers.Sample\TinyHelpers.Sample.csproj", "{22EB54D3-569C-41AE-AED1-00D00CCF146B}"
EndProject
Project("{9A19103F-16F7-4668-BE54-9A1E7A4F7556}") = "TinyHelpers.EntityFrameworkCore", "src\TinyHelpers.EntityFrameworkCore\TinyHelpers.EntityFrameworkCore.csproj", "{B91FE6CD-3B75-43E4-8E29-8E8C7584BE68}"
EndProject
Project("{9A19103F-16F7-4668-BE54-9A1E7A4F7556}") = "TinyHelpers.EntityFrameworkCore.Sample", "samples\TinyHelpers.EntityFrameworkCore.Sample\TinyHelpers.EntityFrameworkCore.Sample.csproj", "{2F4825FD-6558-4867-A7BB-C0EB01EF658E}"
EndProject
Project("{9A19103F-16F7-4668-BE54-9A1E7A4F7556}") = "TinyHelpers.Dapper", "src\TinyHelpers.Dapper\TinyHelpers.Dapper.csproj", "{FCFE0510-0F7C-41B1-8E70-A54FE7217955}"
EndProject
Project("{9A19103F-16F7-4668-BE54-9A1E7A4F7556}") = "TinyHelpers.Dapper.Sample", "samples\TinyHelpers.Dapper.Sample\TinyHelpers.Dapper.Sample.csproj", "{531AA81E-62E4-42B5-A7BB-CF3BC78CF87A}"
EndProject
Project("{2150E333-8FDC-42A3-9474-1A3956D46DE8}") = "Solution Items", "Solution Items", "{06CBE177-D28E-4D6E-85E5-CC449712A441}"
	ProjectSection(SolutionItems) = preProject
		.editorconfig = .editorconfig
		src\Directory.Build.props = src\Directory.Build.props
	EndProjectSection
EndProject
Project("{2150E333-8FDC-42A3-9474-1A3956D46DE8}") = "Samples", "Samples", "{D9B13A31-9A6C-4FE7-88F9-252E085A0577}"
EndProject
Project("{9A19103F-16F7-4668-BE54-9A1E7A4F7556}") = "TinyHelpers.AspNetCore", "src\TinyHelpers.AspNetCore\TinyHelpers.AspNetCore.csproj", "{8F43EE64-97FC-4E2D-82AE-385096F9B691}"
EndProject
Project("{2150E333-8FDC-42A3-9474-1A3956D46DE8}") = "Tests", "Tests", "{7557B577-796C-4B78-ABBA-B41273B93161}"
EndProject
Project("{9A19103F-16F7-4668-BE54-9A1E7A4F7556}") = "TinyHelpers.Tests", "tests\TinyHelpers.Tests\TinyHelpers.Tests.csproj", "{D5924748-5CC0-4A19-81D4-B8D3072B4F99}"
EndProject
Project("{FAE04EC0-301F-11D3-BF4B-00C04F79EFBC}") = "TinyHelpers.AspNetCore.Sample", "samples\TinyHelpers.AspNetCore.Sample\TinyHelpers.AspNetCore.Sample.csproj", "{5492BD99-B870-4805-ABFB-B32D9D61B022}"
EndProject
Project("{FAE04EC0-301F-11D3-BF4B-00C04F79EFBC}") = "TinyHelpers.AspNetCore.Swashbuckle", "src\TinyHelpers.AspNetCore.Swashbuckle\TinyHelpers.AspNetCore.Swashbuckle.csproj", "{287C2B68-ECC6-4D52-92FE-22D1F37C4404}"
EndProject
Project("{FAE04EC0-301F-11D3-BF4B-00C04F79EFBC}") = "TinyHelpers.AspNetCore8.Sample", "samples\TinyHelpers.AspNetCore8.Sample\TinyHelpers.AspNetCore8.Sample.csproj", "{E5E279E0-8DB8-4879-8D7F-B5C0819F5268}"
EndProject
Global
	GlobalSection(SolutionConfigurationPlatforms) = preSolution
		Debug|Any CPU = Debug|Any CPU
		Release|Any CPU = Release|Any CPU
	EndGlobalSection
	GlobalSection(ProjectConfigurationPlatforms) = postSolution
		{BE65AC0A-0620-4DC3-9C24-863AE3B76784}.Debug|Any CPU.ActiveCfg = Debug|Any CPU
		{BE65AC0A-0620-4DC3-9C24-863AE3B76784}.Debug|Any CPU.Build.0 = Debug|Any CPU
		{BE65AC0A-0620-4DC3-9C24-863AE3B76784}.Release|Any CPU.ActiveCfg = Release|Any CPU
		{BE65AC0A-0620-4DC3-9C24-863AE3B76784}.Release|Any CPU.Build.0 = Release|Any CPU
		{22EB54D3-569C-41AE-AED1-00D00CCF146B}.Debug|Any CPU.ActiveCfg = Debug|Any CPU
		{22EB54D3-569C-41AE-AED1-00D00CCF146B}.Debug|Any CPU.Build.0 = Debug|Any CPU
		{22EB54D3-569C-41AE-AED1-00D00CCF146B}.Release|Any CPU.ActiveCfg = Release|Any CPU
		{22EB54D3-569C-41AE-AED1-00D00CCF146B}.Release|Any CPU.Build.0 = Release|Any CPU
		{B91FE6CD-3B75-43E4-8E29-8E8C7584BE68}.Debug|Any CPU.ActiveCfg = Debug|Any CPU
		{B91FE6CD-3B75-43E4-8E29-8E8C7584BE68}.Debug|Any CPU.Build.0 = Debug|Any CPU
		{B91FE6CD-3B75-43E4-8E29-8E8C7584BE68}.Release|Any CPU.ActiveCfg = Release|Any CPU
		{B91FE6CD-3B75-43E4-8E29-8E8C7584BE68}.Release|Any CPU.Build.0 = Release|Any CPU
		{2F4825FD-6558-4867-A7BB-C0EB01EF658E}.Debug|Any CPU.ActiveCfg = Debug|Any CPU
		{2F4825FD-6558-4867-A7BB-C0EB01EF658E}.Debug|Any CPU.Build.0 = Debug|Any CPU
		{2F4825FD-6558-4867-A7BB-C0EB01EF658E}.Release|Any CPU.ActiveCfg = Release|Any CPU
		{2F4825FD-6558-4867-A7BB-C0EB01EF658E}.Release|Any CPU.Build.0 = Release|Any CPU
		{FCFE0510-0F7C-41B1-8E70-A54FE7217955}.Debug|Any CPU.ActiveCfg = Debug|Any CPU
		{FCFE0510-0F7C-41B1-8E70-A54FE7217955}.Debug|Any CPU.Build.0 = Debug|Any CPU
		{FCFE0510-0F7C-41B1-8E70-A54FE7217955}.Release|Any CPU.ActiveCfg = Release|Any CPU
		{FCFE0510-0F7C-41B1-8E70-A54FE7217955}.Release|Any CPU.Build.0 = Release|Any CPU
		{531AA81E-62E4-42B5-A7BB-CF3BC78CF87A}.Debug|Any CPU.ActiveCfg = Debug|Any CPU
		{531AA81E-62E4-42B5-A7BB-CF3BC78CF87A}.Debug|Any CPU.Build.0 = Debug|Any CPU
		{531AA81E-62E4-42B5-A7BB-CF3BC78CF87A}.Release|Any CPU.ActiveCfg = Release|Any CPU
		{531AA81E-62E4-42B5-A7BB-CF3BC78CF87A}.Release|Any CPU.Build.0 = Release|Any CPU
		{8F43EE64-97FC-4E2D-82AE-385096F9B691}.Debug|Any CPU.ActiveCfg = Debug|Any CPU
		{8F43EE64-97FC-4E2D-82AE-385096F9B691}.Debug|Any CPU.Build.0 = Debug|Any CPU
		{8F43EE64-97FC-4E2D-82AE-385096F9B691}.Release|Any CPU.ActiveCfg = Release|Any CPU
		{8F43EE64-97FC-4E2D-82AE-385096F9B691}.Release|Any CPU.Build.0 = Release|Any CPU
		{D5924748-5CC0-4A19-81D4-B8D3072B4F99}.Debug|Any CPU.ActiveCfg = Debug|Any CPU
		{D5924748-5CC0-4A19-81D4-B8D3072B4F99}.Debug|Any CPU.Build.0 = Debug|Any CPU
		{D5924748-5CC0-4A19-81D4-B8D3072B4F99}.Release|Any CPU.ActiveCfg = Release|Any CPU
		{D5924748-5CC0-4A19-81D4-B8D3072B4F99}.Release|Any CPU.Build.0 = Release|Any CPU
		{5492BD99-B870-4805-ABFB-B32D9D61B022}.Debug|Any CPU.ActiveCfg = Debug|Any CPU
		{5492BD99-B870-4805-ABFB-B32D9D61B022}.Debug|Any CPU.Build.0 = Debug|Any CPU
		{5492BD99-B870-4805-ABFB-B32D9D61B022}.Release|Any CPU.ActiveCfg = Release|Any CPU
		{5492BD99-B870-4805-ABFB-B32D9D61B022}.Release|Any CPU.Build.0 = Release|Any CPU
		{287C2B68-ECC6-4D52-92FE-22D1F37C4404}.Debug|Any CPU.ActiveCfg = Debug|Any CPU
		{287C2B68-ECC6-4D52-92FE-22D1F37C4404}.Debug|Any CPU.Build.0 = Debug|Any CPU
		{287C2B68-ECC6-4D52-92FE-22D1F37C4404}.Release|Any CPU.ActiveCfg = Release|Any CPU
		{287C2B68-ECC6-4D52-92FE-22D1F37C4404}.Release|Any CPU.Build.0 = Release|Any CPU
		{E5E279E0-8DB8-4879-8D7F-B5C0819F5268}.Debug|Any CPU.ActiveCfg = Debug|Any CPU
		{E5E279E0-8DB8-4879-8D7F-B5C0819F5268}.Debug|Any CPU.Build.0 = Debug|Any CPU
		{E5E279E0-8DB8-4879-8D7F-B5C0819F5268}.Release|Any CPU.ActiveCfg = Release|Any CPU
		{E5E279E0-8DB8-4879-8D7F-B5C0819F5268}.Release|Any CPU.Build.0 = Release|Any CPU
	EndGlobalSection
	GlobalSection(SolutionProperties) = preSolution
		HideSolutionNode = FALSE
	EndGlobalSection
	GlobalSection(NestedProjects) = preSolution
		{22EB54D3-569C-41AE-AED1-00D00CCF146B} = {D9B13A31-9A6C-4FE7-88F9-252E085A0577}
		{2F4825FD-6558-4867-A7BB-C0EB01EF658E} = {D9B13A31-9A6C-4FE7-88F9-252E085A0577}
		{531AA81E-62E4-42B5-A7BB-CF3BC78CF87A} = {D9B13A31-9A6C-4FE7-88F9-252E085A0577}
		{D5924748-5CC0-4A19-81D4-B8D3072B4F99} = {7557B577-796C-4B78-ABBA-B41273B93161}
		{5492BD99-B870-4805-ABFB-B32D9D61B022} = {D9B13A31-9A6C-4FE7-88F9-252E085A0577}
		{E5E279E0-8DB8-4879-8D7F-B5C0819F5268} = {D9B13A31-9A6C-4FE7-88F9-252E085A0577}
	EndGlobalSection
	GlobalSection(ExtensibilityGlobals) = postSolution
		SolutionGuid = {459F6E40-FA30-4F90-8A56-8AD7B199C2B6}
	EndGlobalSection
EndGlobal
